<Solution>
  <Folder Name="/dev3/" />
  <Folder Name="/dev3/DesignPatterns/">
    <Project Path="dev3/DesignPatterns/DesignPatternsGangsOfFour/DesignPatternsGangsOfFour.csproj" />
  </Folder>
  <Folder Name="/dev3/Redis/">
    <Project Path="dev3/Redis/RedisConsoleAppv1/RedisConsoleAppv1.csproj" />
  </Folder>
  <Folder Name="/dev3/WebAPI/">
    <Project Path="dev3/WebAPI/ddd-Employee-PhysicalPerson/ddd-Employee-PhysicalPerson.csproj" />
    <Project Path="dev3/WebAPI/LearnersApi/LearnersApi.csproj" />
    <Project Path="dev3/WebAPI/LearningJwt/Just-GettingStarted-Jwt-Api/Just-GettingStarted-Jwt-Api.csproj" />
  </Folder>
  <Folder Name="/dev1/" />
  <Folder Name="/dev1/EmployeeAPI/">
    <Project Path="dev1/EmployeeAPI/EmployeeAPI.csproj" />
  </Folder>
</Solution>
